{
  "name": "olivia-soul",
  "version": "2008.2.7-linli9-g03",
  "lockfileVersion": 3,
  "requires": true,
  "packages": {
    "": {
      "name": "olivia-soul",
      "version": "2008.2.7-linli9-g03",
      "dependencies": {
        "midi-file": "1.2.4"
      },
      "engines": {
        "node": ">=22.5"
      }
    },
    "node_modules/midi-file": {
      "version": "1.2.4",
      "resolved": "https://registry.npmjs.org/midi-file/-/midi-file-1.2.4.tgz",
      "integrity": "sha512-B5SnBC6i2bwJIXTY9MElIydJwAmnKx+r5eJ1jknTLetzLflEl0GWveuBB6ACrQpecSRkOB6fhTx1PwXk2BVxnA==",
      "license": "MIT"
    }
  }
}
